Microsoft Visual Studio Solution File, Format Version 12.00
# Visual Studio 2012
Project("{FAE04EC0-301F-11D3-BF4B-00C04F79EFBC}") = "Path Logic", "Path Logic.csproj", "{07445B01-B4DF-42FD-B461-D63AC050A671}"
EndProject
Global
	GlobalSection(SolutionConfigurationPlatforms) = preSolution
	Debug|Any CPU = Debug|Any CPU
	ExportDebug|Any CPU = ExportDebug|Any CPU
	ExportRelease|Any CPU = ExportRelease|Any CPU
	EndGlobalSection
	GlobalSection(ProjectConfigurationPlatforms) = postSolution
		{07445B01-B4DF-42FD-B461-D63AC050A671}.Debug|Any CPU.ActiveCfg = Debug|Any CPU
		{07445B01-B4DF-42FD-B461-D63AC050A671}.Debug|Any CPU.Build.0 = Debug|Any CPU
		{07445B01-B4DF-42FD-B461-D63AC050A671}.ExportDebug|Any CPU.ActiveCfg = ExportDebug|Any CPU
		{07445B01-B4DF-42FD-B461-D63AC050A671}.ExportDebug|Any CPU.Build.0 = ExportDebug|Any CPU
		{07445B01-B4DF-42FD-B461-D63AC050A671}.ExportRelease|Any CPU.ActiveCfg = ExportRelease|Any CPU
		{07445B01-B4DF-42FD-B461-D63AC050A671}.ExportRelease|Any CPU.Build.0 = ExportRelease|Any CPU
	EndGlobalSection
EndGlobal
